
Microsoft Visual Studio Solution File, Format Version 12.00
# Visual Studio Version 17
VisualStudioVersion = 17.0.31903.59
MinimumVisualStudioVersion = 10.0.40219.1
Project("{FAE04EC0-301F-11D3-BF4B-00C04F79EFBC}") = "Xwt", "Xwt\Xwt.csproj", "{DB137A6D-A5CC-4BB1-8B74-E55E396AD222}"
EndProject
Project("{FAE04EC0-301F-11D3-BF4B-00C04F79EFBC}") = "Xwt.WPF", "Xwt.WPF\Xwt.WPF.csproj", "{370DDA78-990D-4761-98E8-D8124059C963}"
EndProject
Project("{2150E333-8FDC-42A3-9474-1A3956D46DE8}") = "Samples", "Samples", "{889B98A1-B4AC-48E1-AA64-5982169FDC2E}"
EndProject
Project("{FAE04EC0-301F-11D3-BF4B-00C04F79EFBC}") = "Samples", "TestApps\Samples\Samples.csproj", "{88C04B85-B69B-47B4-AB9F-64F6DD4E0897}"
EndProject
Project("{FAE04EC0-301F-11D3-BF4B-00C04F79EFBC}") = "WpfTest", "TestApps\WpfTest\WpfTest.csproj", "{BC0E2D1D-0D42-4744-BB6C-F93431399E5D}"
EndProject
Project("{FAE04EC0-301F-11D3-BF4B-00C04F79EFBC}") = "XamMacTest", "TestApps\XamMacTest\XamMacTest.csproj", "{1454720E-F3CD-4450-9832-D9111E3EB668}"
EndProject
Project("{FAE04EC0-301F-11D3-BF4B-00C04F79EFBC}") = "Xwt.XamMac", "Xwt.XamMac\Xwt.XamMac.csproj", "{B7C1673E-5124-4BE5-8D21-EC8B12F85B6B}"
EndProject
Global
	GlobalSection(SolutionConfigurationPlatforms) = preSolution
		Debug|Any CPU = Debug|Any CPU
		Release|Any CPU = Release|Any CPU
	EndGlobalSection
	GlobalSection(ProjectConfigurationPlatforms) = postSolution
		{DB137A6D-A5CC-4BB1-8B74-E55E396AD222}.Debug|Any CPU.ActiveCfg = Debug|Any CPU
		{DB137A6D-A5CC-4BB1-8B74-E55E396AD222}.Debug|Any CPU.Build.0 = Debug|Any CPU
		{DB137A6D-A5CC-4BB1-8B74-E55E396AD222}.Release|Any CPU.ActiveCfg = Release|Any CPU
		{DB137A6D-A5CC-4BB1-8B74-E55E396AD222}.Release|Any CPU.Build.0 = Release|Any CPU
		{370DDA78-990D-4761-98E8-D8124059C963}.Debug|Any CPU.ActiveCfg = Debug|Any CPU
		{370DDA78-990D-4761-98E8-D8124059C963}.Debug|Any CPU.Build.0 = Debug|Any CPU
		{370DDA78-990D-4761-98E8-D8124059C963}.Release|Any CPU.ActiveCfg = Release|Any CPU
		{370DDA78-990D-4761-98E8-D8124059C963}.Release|Any CPU.Build.0 = Release|Any CPU
		{88C04B85-B69B-47B4-AB9F-64F6DD4E0897}.Debug|Any CPU.ActiveCfg = Debug|Any CPU
		{88C04B85-B69B-47B4-AB9F-64F6DD4E0897}.Debug|Any CPU.Build.0 = Debug|Any CPU
		{88C04B85-B69B-47B4-AB9F-64F6DD4E0897}.Release|Any CPU.ActiveCfg = Release|Any CPU
		{88C04B85-B69B-47B4-AB9F-64F6DD4E0897}.Release|Any CPU.Build.0 = Release|Any CPU
		{BC0E2D1D-0D42-4744-BB6C-F93431399E5D}.Debug|Any CPU.ActiveCfg = Debug|Any CPU
		{BC0E2D1D-0D42-4744-BB6C-F93431399E5D}.Debug|Any CPU.Build.0 = Debug|Any CPU
		{BC0E2D1D-0D42-4744-BB6C-F93431399E5D}.Release|Any CPU.ActiveCfg = Release|Any CPU
		{BC0E2D1D-0D42-4744-BB6C-F93431399E5D}.Release|Any CPU.Build.0 = Release|Any CPU
		{1454720E-F3CD-4450-9832-D9111E3EB668}.Debug|Any CPU.ActiveCfg = Debug|Any CPU
		{1454720E-F3CD-4450-9832-D9111E3EB668}.Debug|Any CPU.Build.0 = Debug|Any CPU
		{1454720E-F3CD-4450-9832-D9111E3EB668}.Release|Any CPU.ActiveCfg = Release|Any CPU
		{1454720E-F3CD-4450-9832-D9111E3EB668}.Release|Any CPU.Build.0 = Release|Any CPU
		{B7C1673E-5124-4BE5-8D21-EC8B12F85B6B}.Debug|Any CPU.ActiveCfg = Debug|Any CPU
		{B7C1673E-5124-4BE5-8D21-EC8B12F85B6B}.Debug|Any CPU.Build.0 = Debug|Any CPU
		{B7C1673E-5124-4BE5-8D21-EC8B12F85B6B}.Release|Any CPU.ActiveCfg = Release|Any CPU
		{B7C1673E-5124-4BE5-8D21-EC8B12F85B6B}.Release|Any CPU.Build.0 = Release|Any CPU
	EndGlobalSection
	GlobalSection(SolutionProperties) = preSolution
		HideSolutionNode = FALSE
	EndGlobalSection
	GlobalSection(NestedProjects) = preSolution
		{88C04B85-B69B-47B4-AB9F-64F6DD4E0897} = {889B98A1-B4AC-48E1-AA64-5982169FDC2E}
		{BC0E2D1D-0D42-4744-BB6C-F93431399E5D} = {889B98A1-B4AC-48E1-AA64-5982169FDC2E}
		{1454720E-F3CD-4450-9832-D9111E3EB668} = {889B98A1-B4AC-48E1-AA64-5982169FDC2E}
	EndGlobalSection
	GlobalSection(ExtensibilityGlobals) = postSolution
		SolutionGuid = {E22FCC3F-3BFD-4EC0-A833-B3A3B950417A}
	EndGlobalSection
EndGlobal
